<?xml version="1.0" encoding="utf-8"?>
<Project ToolsVersion="4.0" xmlns="http://schemas.microsoft.com/developer/msbuild/2003">
  <ItemGroup>
    <Filter Include="Source Files">
      <UniqueIdentifier>{4FC737F1-C7A5-4376-A066-2A32D752A2FF}</UniqueIdentifier>
      <Extensions>cpp;c;cc;cxx;def;odl;idl;hpj;bat;asm;asmx</Extensions>
    </Filter>
    <Filter Include="Header Files">
      <UniqueIdentifier>{93995380-89BD-4b04-88EB-625FBE52EBFB}</UniqueIdentifier>
      <Extensions>h;hh;hpp;hxx;hm;inl;inc;xsd</Extensions>
    </Filter>
    <Filter Include="Resource Files">
      <UniqueIdentifier>{67DA6AB6-F800-4c08-8B7A-83BB121AAD01}</UniqueIdentifier>
      <Extensions>rc;ico;cur;bmp;dlg;rc2;rct;bin;rgs;gif;jpg;jpeg;jpe;resx;tiff;tif;png;wav;mfcribbon-ms</Extensions>
    </Filter>
  </ItemGroup>
  <ItemGroup>
    <ClCompile Include="Source.cpp">
      <Filter>Source Files</Filter>
    </ClCompile>
    <ClCompile Include="Character.cpp">
      <Filter>Source Files</Filter>
    </ClCompile>
    <ClCompile Include="Barbarian.cpp">
      <Filter>Source Files</Filter>
    </ClCompile>
    <ClCompile Include="Bard.cpp">
      <Filter>Source Files</Filter>
    </ClCompile>
    <ClCompile Include="Cleric.cpp">
      <Filter>Source Files</Filter>
    </ClCompile>
    <ClCompile Include="Druid.cpp">
      <Filter>Source Files</Filter>
    </ClCompile>
    <ClCompile Include="Fighter.cpp">
      <Filter>Source Files</Filter>
    </ClCompile>
    <ClCompile Include="Monk.cpp">
      <Filter>Source Files</Filter>
    </ClCompile>
    <ClCompile Include="Paladin.cpp">
      <Filter>Source Files</Filter>
    </ClCompile>
    <ClCompile Include="Ranger.cpp">
      <Filter>Source Files</Filter>
    </ClCompile>
    <ClCompile Include="Sorcerer.cpp">
      <Filter>Source Files</Filter>
    </ClCompile>
    <ClCompile Include="Warlock.cpp">
      <Filter>Source Files</Filter>
    </ClCompile>
    <ClCompile Include="Wizard.cpp">
      <Filter>Source Files</Filter>
    </ClCompile>
    <ClCompile Include="Rogue.cpp">
      <Filter>Source Files</Filter>
    </ClCompile>
    <ClCompile Include="JobClass.cpp">
      <Filter>Source Files</Filter>
    </ClCompile>
    <ClCompile Include="Race.cpp">
      <Filter>Source Files</Filter>
    </ClCompile>
    <ClCompile Include="Subraces.cpp">
      <Filter>Source Files</Filter>
    </ClCompile>
    <ClCompile Include="graphics.cpp">
      <Filter>Source Files</Filter>
    </ClCompile>
    <ClCompile Include="controller.cpp">
      <Filter>Source Files</Filter>
    </ClCompile>
    <ClCompile Include="InitialStage.cpp">
      <Filter>Source Files</Filter>
    </ClCompile>
    <ClCompile Include="stage.cpp">
      <Filter>Source Files</Filter>
    </ClCompile>
    <ClCompile Include="Sprite.cpp">
      <Filter>Source Files</Filter>
    </ClCompile>
    <ClCompile Include="DataBox2.cpp">
      <Filter>Source Files</Filter>
    </ClCompile>
    <ClCompile Include="ability.cpp">
      <Filter>Source Files</Filter>
    </ClCompile>
    <ClCompile Include="RerollInteraction.cpp">
      <Filter>Source Files</Filter>
    </ClCompile>
  </ItemGroup>
  <ItemGroup>
    <ClInclude Include="JobClass.h">
      <Filter>Header Files</Filter>
    </ClInclude>
    <ClInclude Include="Character.h">
      <Filter>Header Files</Filter>
    </ClInclude>
    <ClInclude Include="Barbarian.h">
      <Filter>Header Files</Filter>
    </ClInclude>
    <ClInclude Include="classlist.h">
      <Filter>Header Files</Filter>
    </ClInclude>
    <ClInclude Include="Bard.h">
      <Filter>Header Files</Filter>
    </ClInclude>
    <ClInclude Include="Cleric.h">
      <Filter>Header Files</Filter>
    </ClInclude>
    <ClInclude Include="Druid.h">
      <Filter>Header Files</Filter>
    </ClInclude>
    <ClInclude Include="Fighter.h">
      <Filter>Header Files</Filter>
    </ClInclude>
    <ClInclude Include="Monk.h">
      <Filter>Header Files</Filter>
    </ClInclude>
    <ClInclude Include="Paladin.h">
      <Filter>Header Files</Filter>
    </ClInclude>
    <ClInclude Include="Ranger.h">
      <Filter>Header Files</Filter>
    </ClInclude>
    <ClInclude Include="Rogue.h">
      <Filter>Header Files</Filter>
    </ClInclude>
    <ClInclude Include="Sorcerer.h">
      <Filter>Header Files</Filter>
    </ClInclude>
    <ClInclude Include="Warlock.h">
      <Filter>Header Files</Filter>
    </ClInclude>
    <ClInclude Include="Wizard.h">
      <Filter>Header Files</Filter>
    </ClInclude>
    <ClInclude Include="Level.h">
      <Filter>Header Files</Filter>
    </ClInclude>
    <ClInclude Include="skills.h">
      <Filter>Header Files</Filter>
    </ClInclude>
    <ClInclude Include="enums_and_structs.h">
      <Filter>Header Files</Filter>
    </ClInclude>
    <ClInclude Include="Features.h">
      <Filter>Header Files</Filter>
    </ClInclude>
    <ClInclude Include="Race.h">
      <Filter>Header Files</Filter>
    </ClInclude>
    <ClInclude Include="Subraces.h">
      <Filter>Header Files</Filter>
    </ClInclude>
    <ClInclude Include="graphics.h">
      <Filter>Header Files</Filter>
    </ClInclude>
    <ClInclude Include="hptimer.h">
      <Filter>Header Files</Filter>
    </ClInclude>
    <ClInclude Include="Stage.h">
      <Filter>Header Files</Filter>
    </ClInclude>
    <ClInclude Include="controller.h">
      <Filter>Header Files</Filter>
    </ClInclude>
    <ClInclude Include="InitialStage.h">
      <Filter>Header Files</Filter>
    </ClInclude>
    <ClInclude Include="Sprite.h">
      <Filter>Header Files</Filter>
    </ClInclude>
    <ClInclude Include="DataBox2.h">
      <Filter>Header Files</Filter>
    </ClInclude>
    <ClInclude Include="wrapper.h">
      <Filter>Header Files</Filter>
    </ClInclude>
    <ClInclude Include="ability.h">
      <Filter>Header Files</Filter>
    </ClInclude>
    <ClInclude Include="Abilities.h">
      <Filter>Header Files</Filter>
    </ClInclude>
    <ClInclude Include="RerollInteraction.h">
      <Filter>Header Files</Filter>
    </ClInclude>
    <ClInclude Include="keyboard.h">
      <Filter>Header Files</Filter>
    </ClInclude>
    <ClInclude Include="TextDisplayBox.h">
      <Filter>Header Files</Filter>
    </ClInclude>
    <ClInclude Include="IncreaseDecrease.h">
      <Filter>Header Files</Filter>
    </ClInclude>
  </ItemGroup>
</Project>